
Microsoft Visual Studio Solution File, Format Version 12.00
# Visual Studio 15
VisualStudioVersion = 15.0.28307.168
MinimumVisualStudioVersion = 10.0.40219.1
Project("{9A19103F-16F7-4668-BE54-9A1E7A4F7556}") = "Payments", "Payments\Payments.csproj", "{2A494DB4-10F7-4F66-A37C-AA21B0DF2122}"
EndProject
Project("{9A19103F-16F7-4668-BE54-9A1E7A4F7556}") = "Util", "Util\Util.csproj", "{09654C63-BC00-482E-AF82-46D586B63240}"
EndProject
Project("{2150E333-8FDC-42A3-9474-1A3956D46DE8}") = "Core", "Core", "{FA4046E1-DFEC-4ED6-B0EA-18BABEFBB6C5}"
EndProject
Project("{9A19103F-16F7-4668-BE54-9A1E7A4F7556}") = "Util.Security", "Util.Security\Util.Security.csproj", "{9C48D3F5-CC03-4CA3-ABDD-36DCD1888963}"
EndProject
Project("{9A19103F-16F7-4668-BE54-9A1E7A4F7556}") = "Util.Logs", "Util.Logs\Util.Logs.csproj", "{87CA7C8A-D898-4B54-ACA1-98F7092160B1}"
EndProject
Project("{9A19103F-16F7-4668-BE54-9A1E7A4F7556}") = "Util.Caches", "Util.Caches\Util.Caches.csproj", "{F01DF4EE-6681-4641-AF79-B44F3F6775FD}"
EndProject
Project("{9A19103F-16F7-4668-BE54-9A1E7A4F7556}") = "Util.Events", "Util.Events\Util.Events.csproj", "{733E407A-3F87-4AF7-9547-17260D67F62B}"
EndProject
Project("{2150E333-8FDC-42A3-9474-1A3956D46DE8}") = "Test", "Test", "{D296F6AB-C7C9-4619-8DCE-CB4F71CC735C}"
EndProject
Project("{9A19103F-16F7-4668-BE54-9A1E7A4F7556}") = "Payments.Test", "Payments.Test\Payments.Test.csproj", "{F89474EB-A26F-4191-B226-C941207BBD30}"
EndProject
Global
	GlobalSection(SolutionConfigurationPlatforms) = preSolution
		Debug|Any CPU = Debug|Any CPU
		Release|Any CPU = Release|Any CPU
	EndGlobalSection
	GlobalSection(ProjectConfigurationPlatforms) = postSolution
		{2A494DB4-10F7-4F66-A37C-AA21B0DF2122}.Debug|Any CPU.ActiveCfg = Debug|Any CPU
		{2A494DB4-10F7-4F66-A37C-AA21B0DF2122}.Debug|Any CPU.Build.0 = Debug|Any CPU
		{2A494DB4-10F7-4F66-A37C-AA21B0DF2122}.Release|Any CPU.ActiveCfg = Release|Any CPU
		{2A494DB4-10F7-4F66-A37C-AA21B0DF2122}.Release|Any CPU.Build.0 = Release|Any CPU
		{09654C63-BC00-482E-AF82-46D586B63240}.Debug|Any CPU.ActiveCfg = Debug|Any CPU
		{09654C63-BC00-482E-AF82-46D586B63240}.Debug|Any CPU.Build.0 = Debug|Any CPU
		{09654C63-BC00-482E-AF82-46D586B63240}.Release|Any CPU.ActiveCfg = Release|Any CPU
		{09654C63-BC00-482E-AF82-46D586B63240}.Release|Any CPU.Build.0 = Release|Any CPU
		{9C48D3F5-CC03-4CA3-ABDD-36DCD1888963}.Debug|Any CPU.ActiveCfg = Debug|Any CPU
		{9C48D3F5-CC03-4CA3-ABDD-36DCD1888963}.Debug|Any CPU.Build.0 = Debug|Any CPU
		{9C48D3F5-CC03-4CA3-ABDD-36DCD1888963}.Release|Any CPU.ActiveCfg = Release|Any CPU
		{9C48D3F5-CC03-4CA3-ABDD-36DCD1888963}.Release|Any CPU.Build.0 = Release|Any CPU
		{87CA7C8A-D898-4B54-ACA1-98F7092160B1}.Debug|Any CPU.ActiveCfg = Debug|Any CPU
		{87CA7C8A-D898-4B54-ACA1-98F7092160B1}.Debug|Any CPU.Build.0 = Debug|Any CPU
		{87CA7C8A-D898-4B54-ACA1-98F7092160B1}.Release|Any CPU.ActiveCfg = Release|Any CPU
		{87CA7C8A-D898-4B54-ACA1-98F7092160B1}.Release|Any CPU.Build.0 = Release|Any CPU
		{F01DF4EE-6681-4641-AF79-B44F3F6775FD}.Debug|Any CPU.ActiveCfg = Debug|Any CPU
		{F01DF4EE-6681-4641-AF79-B44F3F6775FD}.Debug|Any CPU.Build.0 = Debug|Any CPU
		{F01DF4EE-6681-4641-AF79-B44F3F6775FD}.Release|Any CPU.ActiveCfg = Release|Any CPU
		{F01DF4EE-6681-4641-AF79-B44F3F6775FD}.Release|Any CPU.Build.0 = Release|Any CPU
		{733E407A-3F87-4AF7-9547-17260D67F62B}.Debug|Any CPU.ActiveCfg = Debug|Any CPU
		{733E407A-3F87-4AF7-9547-17260D67F62B}.Debug|Any CPU.Build.0 = Debug|Any CPU
		{733E407A-3F87-4AF7-9547-17260D67F62B}.Release|Any CPU.ActiveCfg = Release|Any CPU
		{733E407A-3F87-4AF7-9547-17260D67F62B}.Release|Any CPU.Build.0 = Release|Any CPU
		{F89474EB-A26F-4191-B226-C941207BBD30}.Debug|Any CPU.ActiveCfg = Debug|Any CPU
		{F89474EB-A26F-4191-B226-C941207BBD30}.Debug|Any CPU.Build.0 = Debug|Any CPU
		{F89474EB-A26F-4191-B226-C941207BBD30}.Release|Any CPU.ActiveCfg = Release|Any CPU
		{F89474EB-A26F-4191-B226-C941207BBD30}.Release|Any CPU.Build.0 = Release|Any CPU
	EndGlobalSection
	GlobalSection(SolutionProperties) = preSolution
		HideSolutionNode = FALSE
	EndGlobalSection
	GlobalSection(NestedProjects) = preSolution
		{09654C63-BC00-482E-AF82-46D586B63240} = {FA4046E1-DFEC-4ED6-B0EA-18BABEFBB6C5}
		{9C48D3F5-CC03-4CA3-ABDD-36DCD1888963} = {FA4046E1-DFEC-4ED6-B0EA-18BABEFBB6C5}
		{87CA7C8A-D898-4B54-ACA1-98F7092160B1} = {FA4046E1-DFEC-4ED6-B0EA-18BABEFBB6C5}
		{F01DF4EE-6681-4641-AF79-B44F3F6775FD} = {FA4046E1-DFEC-4ED6-B0EA-18BABEFBB6C5}
		{733E407A-3F87-4AF7-9547-17260D67F62B} = {FA4046E1-DFEC-4ED6-B0EA-18BABEFBB6C5}
		{F89474EB-A26F-4191-B226-C941207BBD30} = {D296F6AB-C7C9-4619-8DCE-CB4F71CC735C}
	EndGlobalSection
	GlobalSection(ExtensibilityGlobals) = postSolution
		SolutionGuid = {1C9BA4BA-2B36-4D99-AE84-9259A85183A0}
	EndGlobalSection
EndGlobal
